{
  "object": {
    "pins": [
      {
        "package": "CommandLine",
        "repositoryURL": "https://github.com/jatoben/CommandLine",
        "state": {
          "branch": null,
          "revision": "73048b666be97d122109276a1b8a69ec407cdb13",
          "version": "3.0.0-pre1"
        }
      },
      {
        "package": "Files",
        "repositoryURL": "https://github.com/JohnSundell/Files",
        "state": {
          "branch": null,
          "revision": "ce154128bd2944871f2808447bd1a4c4df458c4b",
          "version": "1.10.0"
        }
      },
      {
        "package": "PromiseKit",
        "repositoryURL": "https://github.com/mxcl/PromiseKit",
        "state": {
          "branch": "swift4-beta1",
          "revision": "1cd1092b31739af70c81a6708123a0a1ca7eb61a",
          "version": null
        }
      },
      {
        "package": "Rainbow",
        "repositoryURL": "https://github.com/onevcat/Rainbow",
        "state": {
          "branch": null,
          "revision": "4feb43cc5a12b4a6f13b3405283bde2e8916c4b7",
          "version": "2.0.1"
        }
      }
    ]
  },
  "version": 1
}
